
Microsoft Visual Studio Solution File, Format Version 12.00
# Visual Studio Version 17
VisualStudioVersion = 17.7.34031.279
MinimumVisualStudioVersion = 10.0.40219.1
Project("{888888A0-9F3D-457C-B088-3A5042F75D52}") = "PLCWebScraper", "PLCWebScraper\PLCWebScraper.pyproj", "{17841674-6C58-438A-AFF7-04597F5B6BA1}"
EndProject
Global
	GlobalSection(SolutionConfigurationPlatforms) = preSolution
		Debug|Any CPU = Debug|Any CPU
		Release|Any CPU = Release|Any CPU
	EndGlobalSection
	GlobalSection(ProjectConfigurationPlatforms) = postSolution
		{17841674-6C58-438A-AFF7-04597F5B6BA1}.Debug|Any CPU.ActiveCfg = Debug|Any CPU
		{17841674-6C58-438A-AFF7-04597F5B6BA1}.Release|Any CPU.ActiveCfg = Release|Any CPU
	EndGlobalSection
	GlobalSection(SolutionProperties) = preSolution
		HideSolutionNode = FALSE
	EndGlobalSection
	GlobalSection(ExtensibilityGlobals) = postSolution
		SolutionGuid = {01AD0D6E-9B7D-46D8-AC9C-A3361B4FF86F}
	EndGlobalSection
EndGlobal
