
Microsoft Visual Studio Solution File, Format Version 12.00
# Visual Studio Version 17
VisualStudioVersion = 17.11.35327.3
MinimumVisualStudioVersion = 10.0.40219.1
Project("{888888A0-9F3D-457C-B088-3A5042F75D52}") = "URLTester", "URLTester\URLTester.pyproj", "{107BFE83-2CEB-4B0A-A688-A506F8427556}"
EndProject
Global
	GlobalSection(SolutionConfigurationPlatforms) = preSolution
		Debug|Any CPU = Debug|Any CPU
		Release|Any CPU = Release|Any CPU
	EndGlobalSection
	GlobalSection(ProjectConfigurationPlatforms) = postSolution
		{107BFE83-2CEB-4B0A-A688-A506F8427556}.Debug|Any CPU.ActiveCfg = Debug|Any CPU
		{107BFE83-2CEB-4B0A-A688-A506F8427556}.Release|Any CPU.ActiveCfg = Release|Any CPU
	EndGlobalSection
	GlobalSection(SolutionProperties) = preSolution
		HideSolutionNode = FALSE
	EndGlobalSection
	GlobalSection(ExtensibilityGlobals) = postSolution
		SolutionGuid = {6CF8431F-E42F-4163-99F2-E50225D8142F}
	EndGlobalSection
EndGlobal
